
Microsoft Visual Studio Solution File, Format Version 12.00
# Visual Studio Version 17
VisualStudioVersion = 17.6.33829.357
MinimumVisualStudioVersion = 10.0.40219.1
Project("{9A19103F-16F7-4668-BE54-9A1E7A4F7556}") = "ToDoApp", "ToDoApp\ToDoApp.csproj", "{F2E6F2DE-87D5-49A3-A2B6-89E0B4E147DB}"
EndProject
Project("{9A19103F-16F7-4668-BE54-9A1E7A4F7556}") = "ToDoApp.Test", "ToDoApp.Test\ToDoApp.Test.csproj", "{22E5F6D1-E36A-4D18-9356-4D0CF8F5414D}"
EndProject
Project("{2150E333-8FDC-42A3-9474-1A3956D46DE8}") = "Solution Items", "Solution Items", "{4349B39B-4BA1-4687-AC26-AFD1BF1174E6}"
	ProjectSection(SolutionItems) = preProject
		README.md = README.md
	EndProjectSection
EndProject
Global
	GlobalSection(SolutionConfigurationPlatforms) = preSolution
		Debug|Any CPU = Debug|Any CPU
		Release|Any CPU = Release|Any CPU
	EndGlobalSection
	GlobalSection(ProjectConfigurationPlatforms) = postSolution
		{F2E6F2DE-87D5-49A3-A2B6-89E0B4E147DB}.Debug|Any CPU.ActiveCfg = Debug|Any CPU
		{F2E6F2DE-87D5-49A3-A2B6-89E0B4E147DB}.Debug|Any CPU.Build.0 = Debug|Any CPU
		{F2E6F2DE-87D5-49A3-A2B6-89E0B4E147DB}.Release|Any CPU.ActiveCfg = Release|Any CPU
		{F2E6F2DE-87D5-49A3-A2B6-89E0B4E147DB}.Release|Any CPU.Build.0 = Release|Any CPU
		{22E5F6D1-E36A-4D18-9356-4D0CF8F5414D}.Debug|Any CPU.ActiveCfg = Debug|Any CPU
		{22E5F6D1-E36A-4D18-9356-4D0CF8F5414D}.Debug|Any CPU.Build.0 = Debug|Any CPU
		{22E5F6D1-E36A-4D18-9356-4D0CF8F5414D}.Release|Any CPU.ActiveCfg = Release|Any CPU
		{22E5F6D1-E36A-4D18-9356-4D0CF8F5414D}.Release|Any CPU.Build.0 = Release|Any CPU
	EndGlobalSection
	GlobalSection(SolutionProperties) = preSolution
		HideSolutionNode = FALSE
	EndGlobalSection
	GlobalSection(ExtensibilityGlobals) = postSolution
		SolutionGuid = {708A1C9F-20DD-4A3B-A742-4CCD1079CF0F}
	EndGlobalSection
EndGlobal
